
Microsoft Visual Studio Solution File, Format Version 12.00
# Visual Studio Version 16
VisualStudioVersion = 16.0.31624.102
MinimumVisualStudioVersion = 10.0.40219.1
Project("{FAE04EC0-301F-11D3-BF4B-00C04F79EFBC}") = "Quiz", "Quiz\Quiz.csproj", "{9EE70625-85AE-4918-BD4F-D95A1C34D95C}"
EndProject
Global
	GlobalSection(SolutionConfigurationPlatforms) = preSolution
		Debug|Any CPU = Debug|Any CPU
		Release|Any CPU = Release|Any CPU
	EndGlobalSection
	GlobalSection(ProjectConfigurationPlatforms) = postSolution
		{9EE70625-85AE-4918-BD4F-D95A1C34D95C}.Debug|Any CPU.ActiveCfg = Debug|Any CPU
		{9EE70625-85AE-4918-BD4F-D95A1C34D95C}.Debug|Any CPU.Build.0 = Debug|Any CPU
		{9EE70625-85AE-4918-BD4F-D95A1C34D95C}.Release|Any CPU.ActiveCfg = Release|Any CPU
		{9EE70625-85AE-4918-BD4F-D95A1C34D95C}.Release|Any CPU.Build.0 = Release|Any CPU
	EndGlobalSection
	GlobalSection(SolutionProperties) = preSolution
		HideSolutionNode = FALSE
	EndGlobalSection
	GlobalSection(ExtensibilityGlobals) = postSolution
		SolutionGuid = {FE1BC2E2-772D-4DAD-BAD7-958C022F04CD}
	EndGlobalSection
EndGlobal
